
Microsoft Visual Studio Solution File, Format Version 12.00
# Visual Studio Version 16
VisualStudioVersion = 16.0.32106.194
MinimumVisualStudioVersion = 10.0.40219.1
Project("{FAE04EC0-301F-11D3-BF4B-00C04F79EFBC}") = "SimplifikasiFID", "SimplifikasiFID.csproj", "{A9FFE1FB-30B6-4A99-865A-45C7E736603E}"
EndProject
Global
	GlobalSection(SolutionConfigurationPlatforms) = preSolution
		Debug|Any CPU = Debug|Any CPU
		Release|Any CPU = Release|Any CPU
	EndGlobalSection
	GlobalSection(ProjectConfigurationPlatforms) = postSolution
		{A9FFE1FB-30B6-4A99-865A-45C7E736603E}.Debug|Any CPU.ActiveCfg = Debug|Any CPU
		{A9FFE1FB-30B6-4A99-865A-45C7E736603E}.Debug|Any CPU.Build.0 = Debug|Any CPU
		{A9FFE1FB-30B6-4A99-865A-45C7E736603E}.Release|Any CPU.ActiveCfg = Release|Any CPU
		{A9FFE1FB-30B6-4A99-865A-45C7E736603E}.Release|Any CPU.Build.0 = Release|Any CPU
	EndGlobalSection
	GlobalSection(SolutionProperties) = preSolution
		HideSolutionNode = FALSE
	EndGlobalSection
	GlobalSection(ExtensibilityGlobals) = postSolution
		SolutionGuid = {407315BE-064A-42E1-9367-B017415AFC62}
	EndGlobalSection
EndGlobal
